{
  "name": "class 4.2 ThirdPartyModules",
  "lockfileVersion": 3,
  "requires": true,
  "packages": {
    "": {
      "dependencies": {
        "node-markdown": "^0.1.1"
      }
    },
    "node_modules/node-markdown": {
      "version": "0.1.1",
      "resolved": "https://registry.npmjs.org/node-markdown/-/node-markdown-0.1.1.tgz",
      "integrity": "sha512-1BN+BEA0IVhZWgjryNjzVSUbTxwbSFvdoAsOBk6ih6fDkdFBhMNoFgfD1r5ysrBsCD8JbO0ceSk9ml9ty4EdTA==",
      "deprecated": "highlight is deprecated in favor of \"highliht.js\"",
      "engines": {
        "node": "*"
      }
    }
  }
}
